// !$*UTF8*$!
{
	archiveVersion = 1;
	classes = {
	};
	objectVersion = 77;
	objects = {

/* Begin PBXContainerItemProxy section */
		D3CDB8692FB1105B0070634C /* PBXContainerItemProxy */ = {
			isa = PBXContainerItemProxy;
			containerPortal = D3CDB8512FB110590070634C /* Project object */;
			proxyType = 1;
			remoteGlobalIDString = D3CDB8582FB110590070634C;
			remoteInfo = NewsReader;
		};
		D3CDB8732FB1105B0070634C /* PBXContainerItemProxy */ = {
			isa = PBXContainerItemProxy;
			containerPortal = D3CDB8512FB110590070634C /* Project object */;
			proxyType = 1;
			remoteGlobalIDString = D3CDB8582FB110590070634C;
			remoteInfo = NewsReader;
		};
/* End PBXContainerItemProxy section */

/* Begin PBXFileReference section */
		D3CDB8592FB110590070634C /* NewsReader.app */ = {isa = PBXFileReference; explicitFileType = wrapper.application; includeInIndex = 0; path = NewsReader.app; sourceTree = BUILT_PRODUCTS_DIR; };
		D3CDB8682FB1105B0070634C /* NewsReaderTests.xctest */ = {isa = PBXFileReference; explicitFileType = wrapper.cfbundle; includeInIndex = 0; path = NewsReaderTests.xctest; sourceTree = BUILT_PRODUCTS_DIR; };
		D3CDB8722FB1105B0070634C /* NewsReaderUITests.xctest */ = {isa = PBXFileReference; explicitFileType = wrapper.cfbundle; includeInIndex = 0; path = NewsReaderUITests.xctest; sourceTree = BUILT_PRODUCTS_DIR; };
/* End PBXFileReference section */

/* Begin PBXFileSystemSynchronizedBuildFileExceptionSet section */
		D3CDB8882FB112F60070634C /* Exceptions for "NewsReader" folder in "NewsReader" target */ = {
			isa = PBXFileSystemSynchronizedBuildFileExceptionSet;
			membershipExceptions = (
				Info.plist,
			);
			target = D3CDB8582FB110590070634C /* NewsReader */;
		};
/* End PBXFileSystemSynchronizedBuildFileExceptionSet section */

/* Begin PBXFileSystemSynchronizedRootGroup section */
		D3CDB85B2FB110590070634C /* NewsReader */ = {
			isa = PBXFileSystemSynchronizedRootGroup;
			exceptions = (
				D3CDB8882FB112F60070634C /* Exceptions for "NewsReader" folder in "NewsReader" target */,
			);
			path = NewsReader;
			sourceTree = "<group>";
		};
		D3CDB86B2FB1105B0070634C /* NewsReaderTests */ = {
			isa = PBXFileSystemSynchronizedRootGroup;
			path = NewsReaderTests;
			sourceTree = "<group>";
		};
		D3CDB8752FB1105B0070634C /* NewsReaderUITests */ = {
			isa = PBXFileSystemSynchronizedRootGroup;
			path = NewsReaderUITests;
			sourceTree = "<group>";
		};
/* End PBXFileSystemSynchronizedRootGroup section */

/* Begin PBXFrameworksBuildPhase section */
		D3CDB8562FB110590070634C /* Frameworks */ = {
			isa = PBXFrameworksBuildPhase;
			buildActionMask = 2147483647;
			files = (
			);
			runOnlyForDeploymentPostprocessing = 0;
		};
		D3CDB8652FB1105B0070634C /* Frameworks */ = {
			isa = PBXFrameworksBuildPhase;
			buildActionMask = 2147483647;
			files = (
			);
			runOnlyForDeploymentPostprocessing = 0;
		};
		D3CDB86F2FB1105B0070634C /* Frameworks */ = {
			isa = PBXFrameworksBuildPhase;
			buildActionMask = 2147483647;
			files = (
			);
			runOnlyForDeploymentPostprocessing = 0;
		};
/* End PBXFrameworksBuildPhase section */

/* Begin PBXGroup section */
		D3CDB8502FB110590070634C = {
			isa = PBXGroup;
			children = (
				D3CDB85B2FB110590070634C /* NewsReader */,
				D3CDB86B2FB1105B0070634C /* NewsReaderTests */,
				D3CDB8752FB1105B0070634C /* NewsReaderUITests */,
				D3CDB85A2FB110590070634C /* Products */,
			);
			sourceTree = "<group>";
		};
		D3CDB85A2FB110590070634C /* Products */ = {
			isa = PBXGroup;
			children = (
				D3CDB8592FB110590070634C /* NewsReader.app */,
				D3CDB8682FB1105B0070634C /* NewsReaderTests.xctest */,
				D3CDB8722FB1105B0070634C /* NewsReaderUITests.xctest */,
			);
			name = Products;
			sourceTree = "<group>";
		};
/* End PBXGroup section */

/* Begin PBXNativeTarget section */
		D3CDB8582FB110590070634C /* NewsReader */ = {
			isa = PBXNativeTarget;
			buildConfigurationList = D3CDB87C2FB1105B0070634C /* Build configuration list for PBXNativeTarget "NewsReader" */;
			buildPhases = (
				D3CDB8552FB110590070634C /* Sources */,
				D3CDB8562FB110590070634C /* Frameworks */,
				D3CDB8572FB110590070634C /* Resources */,
			);
			buildRules = (
			);
			dependencies = (
			);
			fileSystemSynchronizedGroups = (
				D3CDB85B2FB110590070634C /* NewsReader */,
			);
			name = NewsReader;
			packageProductDependencies = (
			);
			productName = NewsReader;
			productReference = D3CDB8592FB110590070634C /* NewsReader.app */;
			productType = "com.apple.product-type.application";
		};
		D3CDB8672FB1105B0070634C /* NewsReaderTests */ = {
			isa = PBXNativeTarget;
			buildConfigurationList = D3CDB87F2FB1105B0070634C /* Build configuration list for PBXNativeTarget "NewsReaderTests" */;
			buildPhases = (
				D3CDB8642FB1105B0070634C /* Sources */,
				D3CDB8652FB1105B0070634C /* Frameworks */,
				D3CDB8662FB1105B0070634C /* Resources */,
			);
			buildRules = (
			);
			dependencies = (
				D3CDB86A2FB1105B0070634C /* PBXTargetDependency */,
			);
			fileSystemSynchronizedGroups = (
				D3CDB86B2FB1105B0070634C /* NewsReaderTests */,
			);
			name = NewsReaderTests;
			packageProductDependencies = (
			);
			productName = NewsReaderTests;
			productReference = D3CDB8682FB1105B0070634C /* NewsReaderTests.xctest */;
			productType = "com.apple.product-type.bundle.unit-test";
		};
		D3CDB8712FB1105B0070634C /* NewsReaderUITests */ = {
			isa = PBXNativeTarget;
			buildConfigurationList = D3CDB8822FB1105B0070634C /* Build configuration list for PBXNativeTarget "NewsReaderUITests" */;
			buildPhases = (
				D3CDB86E2FB1105B0070634C /* Sources */,
				D3CDB86F2FB1105B0070634C /* Frameworks */,
				D3CDB8702FB1105B0070634C /* Resources */,
			);
			buildRules = (
			);
			dependencies = (
				D3CDB8742FB1105B0070634C /* PBXTargetDependency */,
			);
			fileSystemSynchronizedGroups = (
				D3CDB8752FB1105B0070634C /* NewsReaderUITests */,
			);
			name = NewsReaderUITests;
			packageProductDependencies = (
			);
			productName = NewsReaderUITests;
			productReference = D3CDB8722FB1105B0070634C /* NewsReaderUITests.xctest */;
			productType = "com.apple.product-type.bundle.ui-testing";
		};
/* End PBXNativeTarget section */

/* Begin PBXProject section */
		D3CDB8512FB110590070634C /* Project object */ = {
			isa = PBXProject;
			attributes = {
				BuildIndependentTargetsInParallel = 1;
				LastSwiftUpdateCheck = 2610;
				LastUpgradeCheck = 2610;
				TargetAttributes = {
					D3CDB8582FB110590070634C = {
						CreatedOnToolsVersion = 26.1.1;
					};
					D3CDB8672FB1105B0070634C = {
						CreatedOnToolsVersion = 26.1.1;
						TestTargetID = D3CDB8582FB110590070634C;
					};
					D3CDB8712FB1105B0070634C = {
						CreatedOnToolsVersion = 26.1.1;
						TestTargetID = D3CDB8582FB110590070634C;
					};
				};
			};
			buildConfigurationList = D3CDB8542FB110590070634C /* Build configuration list for PBXProject "NewsReader" */;
			developmentRegion = en;
			hasScannedForEncodings = 0;
			knownRegions = (
				en,
				Base,
			);
			mainGroup = D3CDB8502FB110590070634C;
			minimizedProjectReferenceProxies = 1;
			preferredProjectObjectVersion = 77;
			productRefGroup = D3CDB85A2FB110590070634C /* Products */;
			projectDirPath = "";
			projectRoot = "";
			targets = (
				D3CDB8582FB110590070634C /* NewsReader */,
				D3CDB8672FB1105B0070634C /* NewsReaderTests */,
				D3CDB8712FB1105B0070634C /* NewsReaderUITests */,
			);
		};
/* End PBXProject section */

/* Begin PBXResourcesBuildPhase section */
		D3CDB8572FB110590070634C /* Resources */ = {
			isa = PBXResourcesBuildPhase;
			buildActionMask = 2147483647;
			files = (
			);
			runOnlyForDeploymentPostprocessing = 0;
		};
		D3CDB8662FB1105B0070634C /* Resources */ = {
			isa = PBXResourcesBuildPhase;
			buildActionMask = 2147483647;
			files = (
			);
			runOnlyForDeploymentPostprocessing = 0;
		};
		D3CDB8702FB1105B0070634C /* Resources */ = {
			isa = PBXResourcesBuildPhase;
			buildActionMask = 2147483647;
			files = (
			);
			runOnlyForDeploymentPostprocessing = 0;
		};
/* End PBXResourcesBuildPhase section */

/* Begin PBXSourcesBuildPhase section */
		D3CDB8552FB110590070634C /* Sources */ = {
			isa = PBXSourcesBuildPhase;
			buildActionMask = 2147483647;
			files = (
			);
			runOnlyForDeploymentPostprocessing = 0;
		};
		D3CDB8642FB1105B0070634C /* Sources */ = {
			isa = PBXSourcesBuildPhase;
			buildActionMask = 2147483647;
			files = (
			);
			runOnlyForDeploymentPostprocessing = 0;
		};
		D3CDB86E2FB1105B0070634C /* Sources */ = {
			isa = PBXSourcesBuildPhase;
			buildActionMask = 2147483647;
			files = (
			);
			runOnlyForDeploymentPostprocessing = 0;
		};
/* End PBXSourcesBuildPhase section */

/* Begin PBXTargetDependency section */
		D3CDB86A2FB1105B0070634C /* PBXTargetDependency */ = {
			isa = PBXTargetDependency;
			target = D3CDB8582FB110590070634C /* NewsReader */;
			targetProxy = D3CDB8692FB1105B0070634C /* PBXContainerItemProxy */;
		};
		D3CDB8742FB1105B0070634C /* PBXTargetDependency */ = {
			isa = PBXTargetDependency;
			target = D3CDB8582FB110590070634C /* NewsReader */;
			targetProxy = D3CDB8732FB1105B0070634C /* PBXContainerItemProxy */;
		};
/* End PBXTargetDependency section */

/* Begin XCBuildConfiguration section */
		D3CDB87A2FB1105B0070634C /* Debug */ = {
			isa = XCBuildConfiguration;
			baseConfigurationReferenceAnchor = D3CDB85B2FB110590070634C /* NewsReader */;
			baseConfigurationReferenceRelativePath = Config.xcconfig;
			buildSettings = {
				ALWAYS_SEARCH_USER_PATHS = NO;
				ASSETCATALOG_COMPILER_GENERATE_SWIFT_ASSET_SYMBOL_EXTENSIONS = YES;
				CLANG_ANALYZER_NONNULL = YES;
				CLANG_ANALYZER_NUMBER_OBJECT_CONVERSION = YES_AGGRESSIVE;
				CLANG_CXX_LANGUAGE_STANDARD = "gnu++20";
				CLANG_ENABLE_MODULES = YES;
				CLANG_ENABLE_OBJC_ARC = YES;
				CLANG_ENABLE_OBJC_WEAK = YES;
				CLANG_WARN_BLOCK_CAPTURE_AUTORELEASING = YES;
				CLANG_WARN_BOOL_CONVERSION = YES;
				CLANG_WARN_COMMA = YES;
				CLANG_WARN_CONSTANT_CONVERSION = YES;
				CLANG_WARN_DEPRECATED_OBJC_IMPLEMENTATIONS = YES;
				CLANG_WARN_DIRECT_OBJC_ISA_USAGE = YES_ERROR;
				CLANG_WARN_DOCUMENTATION_COMMENTS = YES;
				CLANG_WARN_EMPTY_BODY = YES;
				CLANG_WARN_ENUM_CONVERSION = YES;
				CLANG_WARN_INFINITE_RECURSION = YES;
				CLANG_WARN_INT_CONVERSION = YES;
				CLANG_WARN_NON_LITERAL_NULL_CONVERSION = YES;
				CLANG_WARN_OBJC_IMPLICIT_RETAIN_SELF = YES;
				CLANG_WARN_OBJC_LITERAL_CONVERSION = YES;
				CLANG_WARN_OBJC_ROOT_CLASS = YES_ERROR;
				CLANG_WARN_QUOTED_INCLUDE_IN_FRAMEWORK_HEADER = YES;
				CLANG_WARN_RANGE_LOOP_ANALYSIS = YES;
				CLANG_WARN_STRICT_PROTOTYPES = YES;
				CLANG_WARN_SUSPICIOUS_MOVE = YES;
				CLANG_WARN_UNGUARDED_AVAILABILITY = YES_AGGRESSIVE;
				CLANG_WARN_UNREACHABLE_CODE = YES;
				CLANG_WARN__DUPLICATE_METHOD_MATCH = YES;
				COPY_PHASE_STRIP = NO;
				DEBUG_INFORMATION_FORMAT = dwarf;
				DEVELOPMENT_TEAM = 6BJA8XG975;
				ENABLE_STRICT_OBJC_MSGSEND = YES;
				ENABLE_TESTABILITY = YES;
				ENABLE_USER_SCRIPT_SANDBOXING = YES;
				GCC_C_LANGUAGE_STANDARD = gnu17;
				GCC_DYNAMIC_NO_PIC = NO;
				GCC_NO_COMMON_BLOCKS = YES;
				GCC_OPTIMIZATION_LEVEL = 0;
				GCC_PREPROCESSOR_DEFINITIONS = (
					"DEBUG=1",
					"$(inherited)",
				);
				GCC_WARN_64_TO_32_BIT_CONVERSION = YES;
				GCC_WARN_ABOUT_RETURN_TYPE = YES_ERROR;
				GCC_WARN_UNDECLARED_SELECTOR = YES;
				GCC_WARN_UNINITIALIZED_AUTOS = YES_AGGRESSIVE;
				GCC_WARN_UNUSED_FUNCTION = YES;
				GCC_WARN_UNUSED_VARIABLE = YES;
				IPHONEOS_DEPLOYMENT_TARGET = 26.1;
				LOCALIZATION_PREFERS_STRING_CATALOGS = YES;
				MTL_ENABLE_DEBUG_INFO = INCLUDE_SOURCE;
				MTL_FAST_MATH = YES;
				ONLY_ACTIVE_ARCH = YES;
				SDKROOT = iphoneos;
				SWIFT_ACTIVE_COMPILATION_CONDITIONS = "DEBUG $(inherited)";
				SWIFT_OPTIMIZATION_LEVEL = "-Onone";
			};
			name = Debug;
		};
		D3CDB87B2FB1105B0070634C /* Release */ = {
			isa = XCBuildConfiguration;
			baseConfigurationReferenceAnchor = D3CDB85B2FB110590070634C /* NewsReader */;
			baseConfigurationReferenceRelativePath = Config.xcconfig;
			buildSettings = {
				ALWAYS_SEARCH_USER_PATHS = NO;
				ASSETCATALOG_COMPILER_GENERATE_SWIFT_ASSET_SYMBOL_EXTENSIONS = YES;
				CLANG_ANALYZER_NONNULL = YES;
				CLANG_ANALYZER_NUMBER_OBJECT_CONVERSION = YES_AGGRESSIVE;
				CLANG_CXX_LANGUAGE_STANDARD = "gnu++20";
				CLANG_ENABLE_MODULES = YES;
				CLANG_ENABLE_OBJC_ARC = YES;
				CLANG_ENABLE_OBJC_WEAK = YES;
				CLANG_WARN_BLOCK_CAPTURE_AUTORELEASING = YES;
				CLANG_WARN_BOOL_CONVERSION = YES;
				CLANG_WARN_COMMA = YES;
				CLANG_WARN_CONSTANT_CONVERSION = YES;
				CLANG_WARN_DEPRECATED_OBJC_IMPLEMENTATIONS = YES;
				CLANG_WARN_DIRECT_OBJC_ISA_USAGE = YES_ERROR;
				CLANG_WARN_DOCUMENTATION_COMMENTS = YES;
				CLANG_WARN_EMPTY_BODY = YES;
				CLANG_WARN_ENUM_CONVERSION = YES;
				CLANG_WARN_INFINITE_RECURSION = YES;
				CLANG_WARN_INT_CONVERSION = YES;
				CLANG_WARN_NON_LITERAL_NULL_CONVERSION = YES;
				CLANG_WARN_OBJC_IMPLICIT_RETAIN_SELF = YES;
				CLANG_WARN_OBJC_LITERAL_CONVERSION = YES;
				CLANG_WARN_OBJC_ROOT_CLASS = YES_ERROR;
				CLANG_WARN_QUOTED_INCLUDE_IN_FRAMEWORK_HEADER = YES;
				CLANG_WARN_RANGE_LOOP_ANALYSIS = YES;
				CLANG_WARN_STRICT_PROTOTYPES = YES;
				CLANG_WARN_SUSPICIOUS_MOVE = YES;
				CLANG_WARN_UNGUARDED_AVAILABILITY = YES_AGGRESSIVE;
				CLANG_WARN_UNREACHABLE_CODE = YES;
				CLANG_WARN__DUPLICATE_METHOD_MATCH = YES;
				COPY_PHASE_STRIP = NO;
				DEBUG_INFORMATION_FORMAT = "dwarf-with-dsym";
				DEVELOPMENT_TEAM = 6BJA8XG975;
				ENABLE_NS_ASSERTIONS = NO;
				ENABLE_STRICT_OBJC_MSGSEND = YES;
				ENABLE_USER_SCRIPT_SANDBOXING = YES;
				GCC_C_LANGUAGE_STANDARD = gnu17;
				GCC_NO_COMMON_BLOCKS = YES;
				GCC_WARN_64_TO_32_BIT_CONVERSION = YES;
				GCC_WARN_ABOUT_RETURN_TYPE = YES_ERROR;
				GCC_WARN_UNDECLARED_SELECTOR = YES;
				GCC_WARN_UNINITIALIZED_AUTOS = YES_AGGRESSIVE;
				GCC_WARN_UNUSED_FUNCTION = YES;
				GCC_WARN_UNUSED_VARIABLE = YES;
				IPHONEOS_DEPLOYMENT_TARGET = 26.1;
				LOCALIZATION_PREFERS_STRING_CATALOGS = YES;
				MTL_ENABLE_DEBUG_INFO = NO;
				MTL_FAST_MATH = YES;
				SDKROOT = iphoneos;
				SWIFT_COMPILATION_MODE = wholemodule;
				VALIDATE_PRODUCT = YES;
			};
			name = Release;
		};
		D3CDB87D2FB1105B0070634C /* Debug */ = {
			isa = XCBuildConfiguration;
			baseConfigurationReferenceAnchor = D3CDB85B2FB110590070634C /* NewsReader */;
			baseConfigurationReferenceRelativePath = Config.xcconfig;
			buildSettings = {
				ASSETCATALOG_COMPILER_APPICON_NAME = AppIcon;
				ASSETCATALOG_COMPILER_GLOBAL_ACCENT_COLOR_NAME = AccentColor;
				CODE_SIGN_STYLE = Automatic;
				CURRENT_PROJECT_VERSION = 1;
				DEVELOPMENT_TEAM = 6BJA8XG975;
				ENABLE_PREVIEWS = YES;
				GENERATE_INFOPLIST_FILE = YES;
				INFOPLIST_FILE = NewsReader/Info.plist;
				INFOPLIST_KEY_UIApplicationSceneManifest_Generation = YES;
				INFOPLIST_KEY_UIApplicationSupportsIndirectInputEvents = YES;
				INFOPLIST_KEY_UILaunchScreen_Generation = YES;
				INFOPLIST_KEY_UISupportedInterfaceOrientations_iPad = "UIInterfaceOrientationPortrait UIInterfaceOrientationPortraitUpsideDown UIInterfaceOrientationLandscapeLeft UIInterfaceOrientationLandscapeRight";
				INFOPLIST_KEY_UISupportedInterfaceOrientations_iPhone = "UIInterfaceOrientationPortrait UIInterfaceOrientationLandscapeLeft UIInterfaceOrientationLandscapeRight";
				LD_RUNPATH_SEARCH_PATHS = (
					"$(inherited)",
					"@executable_path/Frameworks",
				);
				MARKETING_VERSION = 1.0;
				PRODUCT_BUNDLE_IDENTIFIER = com.dinarashadyarova.NewsReader;
				PRODUCT_NAME = "$(TARGET_NAME)";
				STRING_CATALOG_GENERATE_SYMBOLS = YES;
				SWIFT_APPROACHABLE_CONCURRENCY = YES;
				SWIFT_DEFAULT_ACTOR_ISOLATION = MainActor;
				SWIFT_EMIT_LOC_STRINGS = YES;
				SWIFT_UPCOMING_FEATURE_MEMBER_IMPORT_VISIBILITY = YES;
				SWIFT_VERSION = 5.0;
				TARGETED_DEVICE_FAMILY = "1,2";
			};
			name = Debug;
		};
		D3CDB87E2FB1105B0070634C /* Release */ = {
			isa = XCBuildConfiguration;
			baseConfigurationReferenceAnchor = D3CDB85B2FB110590070634C /* NewsReader */;
			baseConfigurationReferenceRelativePath = Config.xcconfig;
			buildSettings = {
				ASSETCATALOG_COMPILER_APPICON_NAME = AppIcon;
				ASSETCATALOG_COMPILER_GLOBAL_ACCENT_COLOR_NAME = AccentColor;
				CODE_SIGN_STYLE = Automatic;
				CURRENT_PROJECT_VERSION = 1;
				DEVELOPMENT_TEAM = 6BJA8XG975;
				ENABLE_PREVIEWS = YES;
				GENERATE_INFOPLIST_FILE = YES;
				INFOPLIST_FILE = NewsReader/Info.plist;
				INFOPLIST_KEY_UIApplicationSceneManifest_Generation = YES;
				INFOPLIST_KEY_UIApplicationSupportsIndirectInputEvents = YES;
				INFOPLIST_KEY_UILaunchScreen_Generation = YES;
				INFOPLIST_KEY_UISupportedInterfaceOrientations_iPad = "UIInterfaceOrientationPortrait UIInterfaceOrientationPortraitUpsideDown UIInterfaceOrientationLandscapeLeft UIInterfaceOrientationLandscapeRight";
				INFOPLIST_KEY_UISupportedInterfaceOrientations_iPhone = "UIInterfaceOrientationPortrait UIInterfaceOrientationLandscapeLeft UIInterfaceOrientationLandscapeRight";
				LD_RUNPATH_SEARCH_PATHS = (
					"$(inherited)",
					"@executable_path/Frameworks",
				);
				MARKETING_VERSION = 1.0;
				PRODUCT_BUNDLE_IDENTIFIER = com.dinarashadyarova.NewsReader;
				PRODUCT_NAME = "$(TARGET_NAME)";
				STRING_CATALOG_GENERATE_SYMBOLS = YES;
				SWIFT_APPROACHABLE_CONCURRENCY = YES;
				SWIFT_DEFAULT_ACTOR_ISOLATION = MainActor;
				SWIFT_EMIT_LOC_STRINGS = YES;
				SWIFT_UPCOMING_FEATURE_MEMBER_IMPORT_VISIBILITY = YES;
				SWIFT_VERSION = 5.0;
				TARGETED_DEVICE_FAMILY = "1,2";
			};
			name = Release;
		};
		D3CDB8802FB1105B0070634C /* Debug */ = {
			isa = XCBuildConfiguration;
			buildSettings = {
				BUNDLE_LOADER = "$(TEST_HOST)";
				CODE_SIGN_STYLE = Automatic;
				CURRENT_PROJECT_VERSION = 1;
				DEVELOPMENT_TEAM = 6BJA8XG975;
				GENERATE_INFOPLIST_FILE = YES;
				IPHONEOS_DEPLOYMENT_TARGET = 26.1;
				MARKETING_VERSION = 1.0;
				PRODUCT_BUNDLE_IDENTIFIER = com.dinarashadyarova.NewsReaderTests;
				PRODUCT_NAME = "$(TARGET_NAME)";
				STRING_CATALOG_GENERATE_SYMBOLS = NO;
				SWIFT_APPROACHABLE_CONCURRENCY = YES;
				SWIFT_EMIT_LOC_STRINGS = NO;
				SWIFT_UPCOMING_FEATURE_MEMBER_IMPORT_VISIBILITY = YES;
				SWIFT_VERSION = 5.0;
				TARGETED_DEVICE_FAMILY = "1,2";
				TEST_HOST = "$(BUILT_PRODUCTS_DIR)/NewsReader.app/$(BUNDLE_EXECUTABLE_FOLDER_PATH)/NewsReader";
			};
			name = Debug;
		};
		D3CDB8812FB1105B0070634C /* Release */ = {
			isa = XCBuildConfiguration;
			buildSettings = {
				BUNDLE_LOADER = "$(TEST_HOST)";
				CODE_SIGN_STYLE = Automatic;
				CURRENT_PROJECT_VERSION = 1;
				DEVELOPMENT_TEAM = 6BJA8XG975;
				GENERATE_INFOPLIST_FILE = YES;
				IPHONEOS_DEPLOYMENT_TARGET = 26.1;
				MARKETING_VERSION = 1.0;
				PRODUCT_BUNDLE_IDENTIFIER = com.dinarashadyarova.NewsReaderTests;
				PRODUCT_NAME = "$(TARGET_NAME)";
				STRING_CATALOG_GENERATE_SYMBOLS = NO;
				SWIFT_APPROACHABLE_CONCURRENCY = YES;
				SWIFT_EMIT_LOC_STRINGS = NO;
				SWIFT_UPCOMING_FEATURE_MEMBER_IMPORT_VISIBILITY = YES;
				SWIFT_VERSION = 5.0;
				TARGETED_DEVICE_FAMILY = "1,2";
				TEST_HOST = "$(BUILT_PRODUCTS_DIR)/NewsReader.app/$(BUNDLE_EXECUTABLE_FOLDER_PATH)/NewsReader";
			};
			name = Release;
		};
		D3CDB8832FB1105B0070634C /* Debug */ = {
			isa = XCBuildConfiguration;
			buildSettings = {
				CODE_SIGN_STYLE = Automatic;
				CURRENT_PROJECT_VERSION = 1;
				DEVELOPMENT_TEAM = 6BJA8XG975;
				GENERATE_INFOPLIST_FILE = YES;
				MARKETING_VERSION = 1.0;
				PRODUCT_BUNDLE_IDENTIFIER = com.dinarashadyarova.NewsReaderUITests;
				PRODUCT_NAME = "$(TARGET_NAME)";
				STRING_CATALOG_GENERATE_SYMBOLS = NO;
				SWIFT_APPROACHABLE_CONCURRENCY = YES;
				SWIFT_EMIT_LOC_STRINGS = NO;
				SWIFT_UPCOMING_FEATURE_MEMBER_IMPORT_VISIBILITY = YES;
				SWIFT_VERSION = 5.0;
				TARGETED_DEVICE_FAMILY = "1,2";
				TEST_TARGET_NAME = NewsReader;
			};
			name = Debug;
		};
		D3CDB8842FB1105B0070634C /* Release */ = {
			isa = XCBuildConfiguration;
			buildSettings = {
				CODE_SIGN_STYLE = Automatic;
				CURRENT_PROJECT_VERSION = 1;
				DEVELOPMENT_TEAM = 6BJA8XG975;
				GENERATE_INFOPLIST_FILE = YES;
				MARKETING_VERSION = 1.0;
				PRODUCT_BUNDLE_IDENTIFIER = com.dinarashadyarova.NewsReaderUITests;
				PRODUCT_NAME = "$(TARGET_NAME)";
				STRING_CATALOG_GENERATE_SYMBOLS = NO;
				SWIFT_APPROACHABLE_CONCURRENCY = YES;
				SWIFT_EMIT_LOC_STRINGS = NO;
				SWIFT_UPCOMING_FEATURE_MEMBER_IMPORT_VISIBILITY = YES;
				SWIFT_VERSION = 5.0;
				TARGETED_DEVICE_FAMILY = "1,2";
				TEST_TARGET_NAME = NewsReader;
			};
			name = Release;
		};
/* End XCBuildConfiguration section */

/* Begin XCConfigurationList section */
		D3CDB8542FB110590070634C /* Build configuration list for PBXProject "NewsReader" */ = {
			isa = XCConfigurationList;
			buildConfigurations = (
				D3CDB87A2FB1105B0070634C /* Debug */,
				D3CDB87B2FB1105B0070634C /* Release */,
			);
			defaultConfigurationIsVisible = 0;
			defaultConfigurationName = Release;
		};
		D3CDB87C2FB1105B0070634C /* Build configuration list for PBXNativeTarget "NewsReader" */ = {
			isa = XCConfigurationList;
			buildConfigurations = (
				D3CDB87D2FB1105B0070634C /* Debug */,
				D3CDB87E2FB1105B0070634C /* Release */,
			);
			defaultConfigurationIsVisible = 0;
			defaultConfigurationName = Release;
		};
		D3CDB87F2FB1105B0070634C /* Build configuration list for PBXNativeTarget "NewsReaderTests" */ = {
			isa = XCConfigurationList;
			buildConfigurations = (
				D3CDB8802FB1105B0070634C /* Debug */,
				D3CDB8812FB1105B0070634C /* Release */,
			);
			defaultConfigurationIsVisible = 0;
			defaultConfigurationName = Release;
		};
		D3CDB8822FB1105B0070634C /* Build configuration list for PBXNativeTarget "NewsReaderUITests" */ = {
			isa = XCConfigurationList;
			buildConfigurations = (
				D3CDB8832FB1105B0070634C /* Debug */,
				D3CDB8842FB1105B0070634C /* Release */,
			);
			defaultConfigurationIsVisible = 0;
			defaultConfigurationName = Release;
		};
/* End XCConfigurationList section */
	};
	rootObject = D3CDB8512FB110590070634C /* Project object */;
}
